
Microsoft Visual Studio Solution File, Format Version 12.00
# Visual Studio Version 17
VisualStudioVersion = 17.8.34330.188
MinimumVisualStudioVersion = 10.0.40219.1
Project("{FAE04EC0-301F-11D3-BF4B-00C04F79EFBC}") = "Bookstore", "Bookstore\Bookstore.csproj", "{2D4B850A-29B5-42A0-AEBF-611207C2AF3B}"
EndProject
Global
	GlobalSection(SolutionConfigurationPlatforms) = preSolution
		Debug|Any CPU = Debug|Any CPU
		Release|Any CPU = Release|Any CPU
	EndGlobalSection
	GlobalSection(ProjectConfigurationPlatforms) = postSolution
		{2D4B850A-29B5-42A0-AEBF-611207C2AF3B}.Debug|Any CPU.ActiveCfg = Debug|Any CPU
		{2D4B850A-29B5-42A0-AEBF-611207C2AF3B}.Debug|Any CPU.Build.0 = Debug|Any CPU
		{2D4B850A-29B5-42A0-AEBF-611207C2AF3B}.Release|Any CPU.ActiveCfg = Release|Any CPU
		{2D4B850A-29B5-42A0-AEBF-611207C2AF3B}.Release|Any CPU.Build.0 = Release|Any CPU
	EndGlobalSection
	GlobalSection(SolutionProperties) = preSolution
		HideSolutionNode = FALSE
	EndGlobalSection
	GlobalSection(ExtensibilityGlobals) = postSolution
		SolutionGuid = {5D6E8D3F-EA54-4506-87B5-7C23B614560B}
	EndGlobalSection
EndGlobal
